
Microsoft Visual Studio Solution File, Format Version 12.00
# Visual Studio Version 16
VisualStudioVersion = 16.0.29424.173
MinimumVisualStudioVersion = 10.0.40219.1
Project("{FAE04EC0-301F-11D3-BF4B-00C04F79EFBC}") = "Generic_Class", "Generic_Class.csproj", "{29939B9A-3C78-4980-96F2-6BE3EE4AEC7A}"
EndProject
Global
	GlobalSection(SolutionConfigurationPlatforms) = preSolution
		Debug|Any CPU = Debug|Any CPU
		Release|Any CPU = Release|Any CPU
	EndGlobalSection
	GlobalSection(ProjectConfigurationPlatforms) = postSolution
		{29939B9A-3C78-4980-96F2-6BE3EE4AEC7A}.Debug|Any CPU.ActiveCfg = Debug|Any CPU
		{29939B9A-3C78-4980-96F2-6BE3EE4AEC7A}.Debug|Any CPU.Build.0 = Debug|Any CPU
		{29939B9A-3C78-4980-96F2-6BE3EE4AEC7A}.Release|Any CPU.ActiveCfg = Release|Any CPU
		{29939B9A-3C78-4980-96F2-6BE3EE4AEC7A}.Release|Any CPU.Build.0 = Release|Any CPU
	EndGlobalSection
	GlobalSection(SolutionProperties) = preSolution
		HideSolutionNode = FALSE
	EndGlobalSection
	GlobalSection(ExtensibilityGlobals) = postSolution
		SolutionGuid = {6B33548B-B43C-4194-B7A6-8D82AF8C00B6}
	EndGlobalSection
EndGlobal
