
Microsoft Visual Studio Solution File, Format Version 12.00
# Visual Studio Version 16
VisualStudioVersion = 16.0.29230.47
MinimumVisualStudioVersion = 10.0.40219.1
Project("{FAE04EC0-301F-11D3-BF4B-00C04F79EFBC}") = "IO", "IO.csproj", "{A43BA9DA-CE8F-41B5-9C69-9B735A9E8149}"
EndProject
Project("{FAE04EC0-301F-11D3-BF4B-00C04F79EFBC}") = "IORead", "..\IORead\IORead.csproj", "{C34EC1F9-E2FC-4EB3-A7C0-EC4386EE5B4D}"
EndProject
Project("{FAE04EC0-301F-11D3-BF4B-00C04F79EFBC}") = "IOWrite", "..\IOWrite\IOWrite.csproj", "{6E475EFB-3818-43C9-9FE5-8E1B53456AA3}"
EndProject
Global
	GlobalSection(SolutionConfigurationPlatforms) = preSolution
		Debug|Any CPU = Debug|Any CPU
		Release|Any CPU = Release|Any CPU
	EndGlobalSection
	GlobalSection(ProjectConfigurationPlatforms) = postSolution
		{A43BA9DA-CE8F-41B5-9C69-9B735A9E8149}.Debug|Any CPU.ActiveCfg = Debug|Any CPU
		{A43BA9DA-CE8F-41B5-9C69-9B735A9E8149}.Debug|Any CPU.Build.0 = Debug|Any CPU
		{A43BA9DA-CE8F-41B5-9C69-9B735A9E8149}.Release|Any CPU.ActiveCfg = Release|Any CPU
		{A43BA9DA-CE8F-41B5-9C69-9B735A9E8149}.Release|Any CPU.Build.0 = Release|Any CPU
		{C34EC1F9-E2FC-4EB3-A7C0-EC4386EE5B4D}.Debug|Any CPU.ActiveCfg = Debug|Any CPU
		{C34EC1F9-E2FC-4EB3-A7C0-EC4386EE5B4D}.Debug|Any CPU.Build.0 = Debug|Any CPU
		{C34EC1F9-E2FC-4EB3-A7C0-EC4386EE5B4D}.Release|Any CPU.ActiveCfg = Release|Any CPU
		{C34EC1F9-E2FC-4EB3-A7C0-EC4386EE5B4D}.Release|Any CPU.Build.0 = Release|Any CPU
		{6E475EFB-3818-43C9-9FE5-8E1B53456AA3}.Debug|Any CPU.ActiveCfg = Debug|Any CPU
		{6E475EFB-3818-43C9-9FE5-8E1B53456AA3}.Debug|Any CPU.Build.0 = Debug|Any CPU
		{6E475EFB-3818-43C9-9FE5-8E1B53456AA3}.Release|Any CPU.ActiveCfg = Release|Any CPU
		{6E475EFB-3818-43C9-9FE5-8E1B53456AA3}.Release|Any CPU.Build.0 = Release|Any CPU
	EndGlobalSection
	GlobalSection(SolutionProperties) = preSolution
		HideSolutionNode = FALSE
	EndGlobalSection
	GlobalSection(ExtensibilityGlobals) = postSolution
		SolutionGuid = {39C0B955-3007-4AF0-BDD1-92607E54C7C6}
	EndGlobalSection
EndGlobal
