
Microsoft Visual Studio Solution File, Format Version 12.00
# Visual Studio Version 16
VisualStudioVersion = 16.0.29230.47
MinimumVisualStudioVersion = 10.0.40219.1
Project("{FAE04EC0-301F-11D3-BF4B-00C04F79EFBC}") = "Attribute", "Attribute.csproj", "{EEEC847B-BC92-4B42-BD0F-A80342DA3815}"
EndProject
Project("{FAE04EC0-301F-11D3-BF4B-00C04F79EFBC}") = "Customized_Attribute", "..\Customized_Attribute\Customized_Attribute.csproj", "{549D3D36-8D18-487D-84C0-692DA5003117}"
EndProject
Global
	GlobalSection(SolutionConfigurationPlatforms) = preSolution
		Debug|Any CPU = Debug|Any CPU
		Release|Any CPU = Release|Any CPU
	EndGlobalSection
	GlobalSection(ProjectConfigurationPlatforms) = postSolution
		{EEEC847B-BC92-4B42-BD0F-A80342DA3815}.Debug|Any CPU.ActiveCfg = Debug|Any CPU
		{EEEC847B-BC92-4B42-BD0F-A80342DA3815}.Debug|Any CPU.Build.0 = Debug|Any CPU
		{EEEC847B-BC92-4B42-BD0F-A80342DA3815}.Release|Any CPU.ActiveCfg = Release|Any CPU
		{EEEC847B-BC92-4B42-BD0F-A80342DA3815}.Release|Any CPU.Build.0 = Release|Any CPU
		{549D3D36-8D18-487D-84C0-692DA5003117}.Debug|Any CPU.ActiveCfg = Debug|Any CPU
		{549D3D36-8D18-487D-84C0-692DA5003117}.Debug|Any CPU.Build.0 = Debug|Any CPU
		{549D3D36-8D18-487D-84C0-692DA5003117}.Release|Any CPU.ActiveCfg = Release|Any CPU
		{549D3D36-8D18-487D-84C0-692DA5003117}.Release|Any CPU.Build.0 = Release|Any CPU
	EndGlobalSection
	GlobalSection(SolutionProperties) = preSolution
		HideSolutionNode = FALSE
	EndGlobalSection
	GlobalSection(ExtensibilityGlobals) = postSolution
		SolutionGuid = {5871343B-2C95-45A8-B98E-A5F182B673FB}
	EndGlobalSection
EndGlobal
