
Microsoft Visual Studio Solution File, Format Version 12.00
# Visual Studio Version 16
VisualStudioVersion = 16.0.29411.108
MinimumVisualStudioVersion = 10.0.40219.1
Project("{FAE04EC0-301F-11D3-BF4B-00C04F79EFBC}") = "Linq", "Linq.csproj", "{0502C589-5543-4BB4-92AE-D762CDEB96DD}"
EndProject
Global
	GlobalSection(SolutionConfigurationPlatforms) = preSolution
		Debug|Any CPU = Debug|Any CPU
		Release|Any CPU = Release|Any CPU
	EndGlobalSection
	GlobalSection(ProjectConfigurationPlatforms) = postSolution
		{0502C589-5543-4BB4-92AE-D762CDEB96DD}.Debug|Any CPU.ActiveCfg = Debug|Any CPU
		{0502C589-5543-4BB4-92AE-D762CDEB96DD}.Debug|Any CPU.Build.0 = Debug|Any CPU
		{0502C589-5543-4BB4-92AE-D762CDEB96DD}.Release|Any CPU.ActiveCfg = Release|Any CPU
		{0502C589-5543-4BB4-92AE-D762CDEB96DD}.Release|Any CPU.Build.0 = Release|Any CPU
	EndGlobalSection
	GlobalSection(SolutionProperties) = preSolution
		HideSolutionNode = FALSE
	EndGlobalSection
	GlobalSection(ExtensibilityGlobals) = postSolution
		SolutionGuid = {1CA8BBDD-B9A7-4007-A848-6F98EBC8FDF5}
	EndGlobalSection
EndGlobal
