
Microsoft Visual Studio Solution File, Format Version 12.00
# Visual Studio Version 16
VisualStudioVersion = 16.0.29411.108
MinimumVisualStudioVersion = 10.0.40219.1
Project("{FAE04EC0-301F-11D3-BF4B-00C04F79EFBC}") = "Anonymous", "Anonymous.csproj", "{60D02503-A8B4-45D0-8801-3FEB33DE45BD}"
EndProject
Global
	GlobalSection(SolutionConfigurationPlatforms) = preSolution
		Debug|Any CPU = Debug|Any CPU
		Release|Any CPU = Release|Any CPU
	EndGlobalSection
	GlobalSection(ProjectConfigurationPlatforms) = postSolution
		{60D02503-A8B4-45D0-8801-3FEB33DE45BD}.Debug|Any CPU.ActiveCfg = Debug|Any CPU
		{60D02503-A8B4-45D0-8801-3FEB33DE45BD}.Debug|Any CPU.Build.0 = Debug|Any CPU
		{60D02503-A8B4-45D0-8801-3FEB33DE45BD}.Release|Any CPU.ActiveCfg = Release|Any CPU
		{60D02503-A8B4-45D0-8801-3FEB33DE45BD}.Release|Any CPU.Build.0 = Release|Any CPU
	EndGlobalSection
	GlobalSection(SolutionProperties) = preSolution
		HideSolutionNode = FALSE
	EndGlobalSection
	GlobalSection(ExtensibilityGlobals) = postSolution
		SolutionGuid = {A786B5D7-7850-4820-936F-2D39AB469641}
	EndGlobalSection
EndGlobal
