
Microsoft Visual Studio Solution File, Format Version 12.00
# Visual Studio Version 16
VisualStudioVersion = 16.0.29409.12
MinimumVisualStudioVersion = 10.0.40219.1
Project("{FAE04EC0-301F-11D3-BF4B-00C04F79EFBC}") = "Reflection", "Reflection.csproj", "{B089A87F-555F-4B80-97BE-2970787EC053}"
EndProject
Global
	GlobalSection(SolutionConfigurationPlatforms) = preSolution
		Debug|Any CPU = Debug|Any CPU
		Release|Any CPU = Release|Any CPU
	EndGlobalSection
	GlobalSection(ProjectConfigurationPlatforms) = postSolution
		{B089A87F-555F-4B80-97BE-2970787EC053}.Debug|Any CPU.ActiveCfg = Debug|Any CPU
		{B089A87F-555F-4B80-97BE-2970787EC053}.Debug|Any CPU.Build.0 = Debug|Any CPU
		{B089A87F-555F-4B80-97BE-2970787EC053}.Release|Any CPU.ActiveCfg = Release|Any CPU
		{B089A87F-555F-4B80-97BE-2970787EC053}.Release|Any CPU.Build.0 = Release|Any CPU
	EndGlobalSection
	GlobalSection(SolutionProperties) = preSolution
		HideSolutionNode = FALSE
	EndGlobalSection
	GlobalSection(ExtensibilityGlobals) = postSolution
		SolutionGuid = {746B363C-C344-4038-AA4F-F33723F7CE76}
	EndGlobalSection
EndGlobal
